// !$*UTF8*$!
{
	archiveVersion = 1;
	classes = {
	};
	objectVersion = 51;
	objects = {

/* Begin PBXBuildFile section */
		043AD18B230CF3F4007BD6CA /* AppDelegate.m in Sources */ = {isa = PBXBuildFile; fileRef = 043AD18A230CF3F4007BD6CA /* AppDelegate.m */; };
		043AD18E230CF3F4007BD6CA /* ViewController.m in Sources */ = {isa = PBXBuildFile; fileRef = 043AD18D230CF3F4007BD6CA /* ViewController.m */; };
		043AD191230CF3F4007BD6CA /* Main.storyboard in Resources */ = {isa = PBXBuildFile; fileRef = 043AD18F230CF3F4007BD6CA /* Main.storyboard */; };
		043AD193230CF3F5007BD6CA /* Assets.xcassets in Resources */ = {isa = PBXBuildFile; fileRef = 043AD192230CF3F5007BD6CA /* Assets.xcassets */; };
		043AD196230CF3F5007BD6CA /* LaunchScreen.storyboard in Resources */ = {isa = PBXBuildFile; fileRef = 043AD194230CF3F5007BD6CA /* LaunchScreen.storyboard */; };
		043AD199230CF3F5007BD6CA /* main.m in Sources */ = {isa = PBXBuildFile; fileRef = 043AD198230CF3F5007BD6CA /* main.m */; };
		043AD3BF230CF50D007BD6CA /* 我的编程学习路线.txt in Resources */ = {isa = PBXBuildFile; fileRef = 043AD1A1230CF50C007BD6CA /* 我的编程学习路线.txt */; };
		043AD49A230CF50E007BD6CA /* cocopods.txt in Resources */ = {isa = PBXBuildFile; fileRef = 043AD37E230CF50D007BD6CA /* cocopods.txt */; };
		043AD49B230CF50E007BD6CA /* LaunchIntroductionView.m in Sources */ = {isa = PBXBuildFile; fileRef = 043AD381230CF50D007BD6CA /* LaunchIntroductionView.m */; };
		043AD49C230CF50E007BD6CA /* GuideViewController.m in Sources */ = {isa = PBXBuildFile; fileRef = 043AD382230CF50D007BD6CA /* GuideViewController.m */; };
		043AD49D230CF50E007BD6CA /* BaseViewController.m in Sources */ = {isa = PBXBuildFile; fileRef = 043AD386230CF50D007BD6CA /* BaseViewController.m */; };
		043AD49E230CF50E007BD6CA /* BaseWebController.m in Sources */ = {isa = PBXBuildFile; fileRef = 043AD388230CF50D007BD6CA /* BaseWebController.m */; };
		043AD49F230CF50E007BD6CA /* BaseNaviController.m in Sources */ = {isa = PBXBuildFile; fileRef = 043AD389230CF50D007BD6CA /* BaseNaviController.m */; };
		043AD4A0230CF50E007BD6CA /* BaseTabbarController.m in Sources */ = {isa = PBXBuildFile; fileRef = 043AD38A230CF50D007BD6CA /* BaseTabbarController.m */; };
		043AD4A1230CF50E007BD6CA /* LJCProgressHUD.m in Sources */ = {isa = PBXBuildFile; fileRef = 043AD391230CF50D007BD6CA /* LJCProgressHUD.m */; };
		043AD4A2230CF50E007BD6CA /* GBStarRateView.m in Sources */ = {isa = PBXBuildFile; fileRef = 043AD394230CF50D007BD6CA /* GBStarRateView.m */; };
		043AD4A3230CF50E007BD6CA /* ShareView.m in Sources */ = {isa = PBXBuildFile; fileRef = 043AD398230CF50D007BD6CA /* ShareView.m */; };
		043AD4A4230CF50E007BD6CA /* ChatFace.m in Sources */ = {isa = PBXBuildFile; fileRef = 043AD399230CF50D007BD6CA /* ChatFace.m */; };
		043AD4A5230CF50E007BD6CA /* LJCNetWorking.m in Sources */ = {isa = PBXBuildFile; fileRef = 043AD39A230CF50D007BD6CA /* LJCNetWorking.m */; };
		043AD4A6230CF50E007BD6CA /* LJCActionSheet.m in Sources */ = {isa = PBXBuildFile; fileRef = 043AD39D230CF50D007BD6CA /* LJCActionSheet.m */; };
		043AD4A7230CF50E007BD6CA /* ChatFaceHeleper.m in Sources */ = {isa = PBXBuildFile; fileRef = 043AD39E230CF50D007BD6CA /* ChatFaceHeleper.m */; };
		043AD4A8230CF50E007BD6CA /* CXCameraManager.m in Sources */ = {isa = PBXBuildFile; fileRef = 043AD3A0230CF50D007BD6CA /* CXCameraManager.m */; };
		043AD4A9230CF50E007BD6CA /* ChatHelper.m in Sources */ = {isa = PBXBuildFile; fileRef = 043AD3A6230CF50D007BD6CA /* ChatHelper.m */; };
		043AD4AA230CF50E007BD6CA /* LWHWkPlayerManager.m in Sources */ = {isa = PBXBuildFile; fileRef = 043AD3A7230CF50D007BD6CA /* LWHWkPlayerManager.m */; };
		043AD4AB230CF50E007BD6CA /* BDPresentAnimatorAction.m in Sources */ = {isa = PBXBuildFile; fileRef = 043AD3A9230CF50D007BD6CA /* BDPresentAnimatorAction.m */; };
		043AD4AC230CF50E007BD6CA /* BaseTextView.m in Sources */ = {isa = PBXBuildFile; fileRef = 043AD3AA230CF50D007BD6CA /* BaseTextView.m */; };
		043AD4AD230CF50E007BD6CA /* ArbitrarilyTool.m in Sources */ = {isa = PBXBuildFile; fileRef = 043AD3AC230CF50D007BD6CA /* ArbitrarilyTool.m */; };
		043AD4AE230CF50E007BD6CA /* LJCSwitch.m in Sources */ = {isa = PBXBuildFile; fileRef = 043AD3AF230CF50D007BD6CA /* LJCSwitch.m */; };
		043AD4AF230CF50E007BD6CA /* ChatViewImages.xcassets in Resources */ = {isa = PBXBuildFile; fileRef = 043AD3B0230CF50D007BD6CA /* ChatViewImages.xcassets */; };
		043AD4B0230CF50E007BD6CA /* EmptyView.m in Sources */ = {isa = PBXBuildFile; fileRef = 043AD3B3230CF50D007BD6CA /* EmptyView.m */; };
		043AD4B1230CF50E007BD6CA /* normal_face.plist in Resources */ = {isa = PBXBuildFile; fileRef = 043AD3B4230CF50D007BD6CA /* normal_face.plist */; };
		043AD4B2230CF50E007BD6CA /* StorageManager.m in Sources */ = {isa = PBXBuildFile; fileRef = 043AD3B5230CF50D007BD6CA /* StorageManager.m */; };
		043AD4B3230CF50E007BD6CA /* CZSocketManager.m in Sources */ = {isa = PBXBuildFile; fileRef = 043AD3B7230CF50D007BD6CA /* CZSocketManager.m */; };
		043AD4B4230CF50E007BD6CA /* UserMaterialModel.m in Sources */ = {isa = PBXBuildFile; fileRef = 043AD3B8230CF50D007BD6CA /* UserMaterialModel.m */; };
		043AD4B5230CF50E007BD6CA /* emojiName.plist in Resources */ = {isa = PBXBuildFile; fileRef = 043AD3B9230CF50D007BD6CA /* emojiName.plist */; };
		043AD4B6230CF50E007BD6CA /* BDPresentAnimator.m in Sources */ = {isa = PBXBuildFile; fileRef = 043AD3BA230CF50D007BD6CA /* BDPresentAnimator.m */; };
		043AD4B7230CF50E007BD6CA /* LJCGIFRefreshHeader.m in Sources */ = {isa = PBXBuildFile; fileRef = 043AD3BB230CF50D007BD6CA /* LJCGIFRefreshHeader.m */; };
		043AD4B8230CF50E007BD6CA /* LJCGIFRefreshFooter.m in Sources */ = {isa = PBXBuildFile; fileRef = 043AD3BC230CF50D007BD6CA /* LJCGIFRefreshFooter.m */; };
		043AD4B9230CF50E007BD6CA /* CustomerTextView.m in Sources */ = {isa = PBXBuildFile; fileRef = 043AD3BE230CF50D007BD6CA /* CustomerTextView.m */; };
		043AD4BB230CF5E7007BD6CA /* Foundation.framework in Frameworks */ = {isa = PBXBuildFile; fileRef = 043AD4BA230CF5E7007BD6CA /* Foundation.framework */; };
		043AD4BD230CF5F4007BD6CA /* GLKit.framework in Frameworks */ = {isa = PBXBuildFile; fileRef = 043AD4BC230CF5F4007BD6CA /* GLKit.framework */; };
		043AD4BF230CF614007BD6CA /* CoreMotion.framework in Frameworks */ = {isa = PBXBuildFile; fileRef = 043AD4BE230CF614007BD6CA /* CoreMotion.framework */; };
		043AD4C1230CF642007BD6CA /* CoreTelephony.framework in Frameworks */ = {isa = PBXBuildFile; fileRef = 043AD4C0230CF642007BD6CA /* CoreTelephony.framework */; };
		043AD4C3230CF65F007BD6CA /* CoreGraphics.framework in Frameworks */ = {isa = PBXBuildFile; fileRef = 043AD4C2230CF65F007BD6CA /* CoreGraphics.framework */; };
		043AD4C5230CF66D007BD6CA /* CFNetwork.framework in Frameworks */ = {isa = PBXBuildFile; fileRef = 043AD4C4230CF66D007BD6CA /* CFNetwork.framework */; };
		043AD4C7230CF67C007BD6CA /* Security.framework in Frameworks */ = {isa = PBXBuildFile; fileRef = 043AD4C6230CF67C007BD6CA /* Security.framework */; };
		043AD4C9230CF686007BD6CA /* libz.tbd in Frameworks */ = {isa = PBXBuildFile; fileRef = 043AD4C8230CF686007BD6CA /* libz.tbd */; };
		043AD4CB230CF6DD007BD6CA /* SystemConfiguration.framework in Frameworks */ = {isa = PBXBuildFile; fileRef = 043AD4CA230CF6DD007BD6CA /* SystemConfiguration.framework */; };
		043AD4CD230CF6F2007BD6CA /* UIKit.framework in Frameworks */ = {isa = PBXBuildFile; fileRef = 043AD4CC230CF6F2007BD6CA /* UIKit.framework */; };
		043AD4CF230CF79D007BD6CA /* libc++.tbd in Frameworks */ = {isa = PBXBuildFile; fileRef = 043AD4CE230CF79D007BD6CA /* libc++.tbd */; };
		FC8D688FA6B1DF040397DCD7 /* Pods_LWHTestOne.framework in Frameworks */ = {isa = PBXBuildFile; fileRef = EBAB44D22521DA4656F509C1 /* Pods_LWHTestOne.framework */; };
/* End PBXBuildFile section */

/* Begin PBXFileReference section */
		043AD186230CF3F4007BD6CA /* LWHTestOne.app */ = {isa = PBXFileReference; explicitFileType = wrapper.application; includeInIndex = 0; path = LWHTestOne.app; sourceTree = BUILT_PRODUCTS_DIR; };
		043AD189230CF3F4007BD6CA /* AppDelegate.h */ = {isa = PBXFileReference; lastKnownFileType = sourcecode.c.h; path = AppDelegate.h; sourceTree = "<group>"; };
		043AD18A230CF3F4007BD6CA /* AppDelegate.m */ = {isa = PBXFileReference; lastKnownFileType = sourcecode.c.objc; path = AppDelegate.m; sourceTree = "<group>"; };
		043AD18C230CF3F4007BD6CA /* ViewController.h */ = {isa = PBXFileReference; lastKnownFileType = sourcecode.c.h; path = ViewController.h; sourceTree = "<group>"; };
		043AD18D230CF3F4007BD6CA /* ViewController.m */ = {isa = PBXFileReference; lastKnownFileType = sourcecode.c.objc; path = ViewController.m; sourceTree = "<group>"; };
		043AD190230CF3F4007BD6CA /* Base */ = {isa = PBXFileReference; lastKnownFileType = file.storyboard; name = Base; path = Base.lproj/Main.storyboard; sourceTree = "<group>"; };
		043AD192230CF3F5007BD6CA /* Assets.xcassets */ = {isa = PBXFileReference; lastKnownFileType = folder.assetcatalog; path = Assets.xcassets; sourceTree = "<group>"; };
		043AD195230CF3F5007BD6CA /* Base */ = {isa = PBXFileReference; lastKnownFileType = file.storyboard; name = Base; path = Base.lproj/LaunchScreen.storyboard; sourceTree = "<group>"; };
		043AD197230CF3F5007BD6CA /* Info.plist */ = {isa = PBXFileReference; lastKnownFileType = text.plist.xml; path = Info.plist; sourceTree = "<group>"; };
		043AD198230CF3F5007BD6CA /* main.m */ = {isa = PBXFileReference; lastKnownFileType = sourcecode.c.objc; path = main.m; sourceTree = "<group>"; };
		043AD1A1230CF50C007BD6CA /* 我的编程学习路线.txt */ = {isa = PBXFileReference; fileEncoding = 4; lastKnownFileType = text; path = "我的编程学习路线.txt"; sourceTree = "<group>"; };
		043AD37E230CF50D007BD6CA /* cocopods.txt */ = {isa = PBXFileReference; fileEncoding = 4; lastKnownFileType = text; path = cocopods.txt; sourceTree = "<group>"; };
		043AD380230CF50D007BD6CA /* GuideViewController.h */ = {isa = PBXFileReference; fileEncoding = 4; lastKnownFileType = sourcecode.c.h; path = GuideViewController.h; sourceTree = "<group>"; };
		043AD381230CF50D007BD6CA /* LaunchIntroductionView.m */ = {isa = PBXFileReference; fileEncoding = 4; lastKnownFileType = sourcecode.c.objc; path = LaunchIntroductionView.m; sourceTree = "<group>"; };
		043AD382230CF50D007BD6CA /* GuideViewController.m */ = {isa = PBXFileReference; fileEncoding = 4; lastKnownFileType = sourcecode.c.objc; path = GuideViewController.m; sourceTree = "<group>"; };
		043AD383230CF50D007BD6CA /* LaunchIntroductionView.h */ = {isa = PBXFileReference; fileEncoding = 4; lastKnownFileType = sourcecode.c.h; path = LaunchIntroductionView.h; sourceTree = "<group>"; };
		043AD385230CF50D007BD6CA /* BaseNaviController.h */ = {isa = PBXFileReference; fileEncoding = 4; lastKnownFileType = sourcecode.c.h; path = BaseNaviController.h; sourceTree = "<group>"; };
		043AD386230CF50D007BD6CA /* BaseViewController.m */ = {isa = PBXFileReference; fileEncoding = 4; lastKnownFileType = sourcecode.c.objc; path = BaseViewController.m; sourceTree = "<group>"; };
		043AD387230CF50D007BD6CA /* BaseTabbarController.h */ = {isa = PBXFileReference; fileEncoding = 4; lastKnownFileType = sourcecode.c.h; path = BaseTabbarController.h; sourceTree = "<group>"; };
		043AD388230CF50D007BD6CA /* BaseWebController.m */ = {isa = PBXFileReference; fileEncoding = 4; lastKnownFileType = sourcecode.c.objc; path = BaseWebController.m; sourceTree = "<group>"; };
		043AD389230CF50D007BD6CA /* BaseNaviController.m */ = {isa = PBXFileReference; fileEncoding = 4; lastKnownFileType = sourcecode.c.objc; path = BaseNaviController.m; sourceTree = "<group>"; };
		043AD38A230CF50D007BD6CA /* BaseTabbarController.m */ = {isa = PBXFileReference; fileEncoding = 4; lastKnownFileType = sourcecode.c.objc; path = BaseTabbarController.m; sourceTree = "<group>"; };
		043AD38B230CF50D007BD6CA /* BaseViewController.h */ = {isa = PBXFileReference; fileEncoding = 4; lastKnownFileType = sourcecode.c.h; path = BaseViewController.h; sourceTree = "<group>"; };
		043AD38C230CF50D007BD6CA /* BaseWebController.h */ = {isa = PBXFileReference; fileEncoding = 4; lastKnownFileType = sourcecode.c.h; path = BaseWebController.h; sourceTree = "<group>"; };
		043AD38E230CF50D007BD6CA /* LWHHeader.h */ = {isa = PBXFileReference; fileEncoding = 4; lastKnownFileType = sourcecode.c.h; path = LWHHeader.h; sourceTree = "<group>"; };
		043AD390230CF50D007BD6CA /* ArbitrarilyTool.h */ = {isa = PBXFileReference; fileEncoding = 4; lastKnownFileType = sourcecode.c.h; path = ArbitrarilyTool.h; sourceTree = "<group>"; };
		043AD391230CF50D007BD6CA /* LJCProgressHUD.m */ = {isa = PBXFileReference; fileEncoding = 4; lastKnownFileType = sourcecode.c.objc; path = LJCProgressHUD.m; sourceTree = "<group>"; };
		043AD392230CF50D007BD6CA /* BDPresentAnimatorAction.h */ = {isa = PBXFileReference; fileEncoding = 4; lastKnownFileType = sourcecode.c.h; path = BDPresentAnimatorAction.h; sourceTree = "<group>"; };
		043AD393230CF50D007BD6CA /* BaseTextView.h */ = {isa = PBXFileReference; fileEncoding = 4; lastKnownFileType = sourcecode.c.h; path = BaseTextView.h; sourceTree = "<group>"; };
		043AD394230CF50D007BD6CA /* GBStarRateView.m */ = {isa = PBXFileReference; fileEncoding = 4; lastKnownFileType = sourcecode.c.objc; path = GBStarRateView.m; sourceTree = "<group>"; };
		043AD395230CF50D007BD6CA /* LWHWkPlayerManager.h */ = {isa = PBXFileReference; fileEncoding = 4; lastKnownFileType = sourcecode.c.h; path = LWHWkPlayerManager.h; sourceTree = "<group>"; };
		043AD396230CF50D007BD6CA /* ChatHelper.h */ = {isa = PBXFileReference; fileEncoding = 4; lastKnownFileType = sourcecode.c.h; path = ChatHelper.h; sourceTree = "<group>"; };
		043AD397230CF50D007BD6CA /* LJCSwitch.h */ = {isa = PBXFileReference; fileEncoding = 4; lastKnownFileType = sourcecode.c.h; path = LJCSwitch.h; sourceTree = "<group>"; };
		043AD398230CF50D007BD6CA /* ShareView.m */ = {isa = PBXFileReference; fileEncoding = 4; lastKnownFileType = sourcecode.c.objc; path = ShareView.m; sourceTree = "<group>"; };
		043AD399230CF50D007BD6CA /* ChatFace.m */ = {isa = PBXFileReference; fileEncoding = 4; lastKnownFileType = sourcecode.c.objc; path = ChatFace.m; sourceTree = "<group>"; };
		043AD39A230CF50D007BD6CA /* LJCNetWorking.m */ = {isa = PBXFileReference; fileEncoding = 4; lastKnownFileType = sourcecode.c.objc; path = LJCNetWorking.m; sourceTree = "<group>"; };
		043AD39B230CF50D007BD6CA /* StorageManager.h */ = {isa = PBXFileReference; fileEncoding = 4; lastKnownFileType = sourcecode.c.h; path = StorageManager.h; sourceTree = "<group>"; };
		043AD39C230CF50D007BD6CA /* EmptyView.h */ = {isa = PBXFileReference; fileEncoding = 4; lastKnownFileType = sourcecode.c.h; path = EmptyView.h; sourceTree = "<group>"; };
		043AD39D230CF50D007BD6CA /* LJCActionSheet.m */ = {isa = PBXFileReference; fileEncoding = 4; lastKnownFileType = sourcecode.c.objc; path = LJCActionSheet.m; sourceTree = "<group>"; };
		043AD39E230CF50D007BD6CA /* ChatFaceHeleper.m */ = {isa = PBXFileReference; fileEncoding = 4; lastKnownFileType = sourcecode.c.objc; path = ChatFaceHeleper.m; sourceTree = "<group>"; };
		043AD39F230CF50D007BD6CA /* CustomerTextView.h */ = {isa = PBXFileReference; fileEncoding = 4; lastKnownFileType = sourcecode.c.h; path = CustomerTextView.h; sourceTree = "<group>"; };
		043AD3A0230CF50D007BD6CA /* CXCameraManager.m */ = {isa = PBXFileReference; fileEncoding = 4; lastKnownFileType = sourcecode.c.objc; path = CXCameraManager.m; sourceTree = "<group>"; };
		043AD3A1230CF50D007BD6CA /* LJCGIFRefreshFooter.h */ = {isa = PBXFileReference; fileEncoding = 4; lastKnownFileType = sourcecode.c.h; path = LJCGIFRefreshFooter.h; sourceTree = "<group>"; };
		043AD3A2230CF50D007BD6CA /* LJCGIFRefreshHeader.h */ = {isa = PBXFileReference; fileEncoding = 4; lastKnownFileType = sourcecode.c.h; path = LJCGIFRefreshHeader.h; sourceTree = "<group>"; };
		043AD3A3230CF50D007BD6CA /* BDPresentAnimator.h */ = {isa = PBXFileReference; fileEncoding = 4; lastKnownFileType = sourcecode.c.h; path = BDPresentAnimator.h; sourceTree = "<group>"; };
		043AD3A4230CF50D007BD6CA /* CZSocketManager.h */ = {isa = PBXFileReference; fileEncoding = 4; lastKnownFileType = sourcecode.c.h; path = CZSocketManager.h; sourceTree = "<group>"; };
		043AD3A5230CF50D007BD6CA /* UserMaterialModel.h */ = {isa = PBXFileReference; fileEncoding = 4; lastKnownFileType = sourcecode.c.h; path = UserMaterialModel.h; sourceTree = "<group>"; };
		043AD3A6230CF50D007BD6CA /* ChatHelper.m */ = {isa = PBXFileReference; fileEncoding = 4; lastKnownFileType = sourcecode.c.objc; path = ChatHelper.m; sourceTree = "<group>"; };
		043AD3A7230CF50D007BD6CA /* LWHWkPlayerManager.m */ = {isa = PBXFileReference; fileEncoding = 4; lastKnownFileType = sourcecode.c.objc; path = LWHWkPlayerManager.m; sourceTree = "<group>"; };
		043AD3A8230CF50D007BD6CA /* GBStarRateView.h */ = {isa = PBXFileReference; fileEncoding = 4; lastKnownFileType = sourcecode.c.h; path = GBStarRateView.h; sourceTree = "<group>"; };
		043AD3A9230CF50D007BD6CA /* BDPresentAnimatorAction.m */ = {isa = PBXFileReference; fileEncoding = 4; lastKnownFileType = sourcecode.c.objc; path = BDPresentAnimatorAction.m; sourceTree = "<group>"; };
		043AD3AA230CF50D007BD6CA /* BaseTextView.m */ = {isa = PBXFileReference; fileEncoding = 4; lastKnownFileType = sourcecode.c.objc; path = BaseTextView.m; sourceTree = "<group>"; };
		043AD3AB230CF50D007BD6CA /* LJCProgressHUD.h */ = {isa = PBXFileReference; fileEncoding = 4; lastKnownFileType = sourcecode.c.h; path = LJCProgressHUD.h; sourceTree = "<group>"; };
		043AD3AC230CF50D007BD6CA /* ArbitrarilyTool.m */ = {isa = PBXFileReference; fileEncoding = 4; lastKnownFileType = sourcecode.c.objc; path = ArbitrarilyTool.m; sourceTree = "<group>"; };
		043AD3AD230CF50D007BD6CA /* ChatFace.h */ = {isa = PBXFileReference; fileEncoding = 4; lastKnownFileType = sourcecode.c.h; path = ChatFace.h; sourceTree = "<group>"; };
		043AD3AE230CF50D007BD6CA /* ShareView.h */ = {isa = PBXFileReference; fileEncoding = 4; lastKnownFileType = sourcecode.c.h; path = ShareView.h; sourceTree = "<group>"; };
		043AD3AF230CF50D007BD6CA /* LJCSwitch.m */ = {isa = PBXFileReference; fileEncoding = 4; lastKnownFileType = sourcecode.c.objc; path = LJCSwitch.m; sourceTree = "<group>"; };
		043AD3B0230CF50D007BD6CA /* ChatViewImages.xcassets */ = {isa = PBXFileReference; lastKnownFileType = folder.assetcatalog; path = ChatViewImages.xcassets; sourceTree = "<group>"; };
		043AD3B1230CF50D007BD6CA /* ChatFaceHeleper.h */ = {isa = PBXFileReference; fileEncoding = 4; lastKnownFileType = sourcecode.c.h; path = ChatFaceHeleper.h; sourceTree = "<group>"; };
		043AD3B2230CF50D007BD6CA /* LJCActionSheet.h */ = {isa = PBXFileReference; fileEncoding = 4; lastKnownFileType = sourcecode.c.h; path = LJCActionSheet.h; sourceTree = "<group>"; };
		043AD3B3230CF50D007BD6CA /* EmptyView.m */ = {isa = PBXFileReference; fileEncoding = 4; lastKnownFileType = sourcecode.c.objc; path = EmptyView.m; sourceTree = "<group>"; };
		043AD3B4230CF50D007BD6CA /* normal_face.plist */ = {isa = PBXFileReference; fileEncoding = 4; lastKnownFileType = text.plist.xml; path = normal_face.plist; sourceTree = "<group>"; };
		043AD3B5230CF50D007BD6CA /* StorageManager.m */ = {isa = PBXFileReference; fileEncoding = 4; lastKnownFileType = sourcecode.c.objc; path = StorageManager.m; sourceTree = "<group>"; };
		043AD3B6230CF50D007BD6CA /* LJCNetWorking.h */ = {isa = PBXFileReference; fileEncoding = 4; lastKnownFileType = sourcecode.c.h; path = LJCNetWorking.h; sourceTree = "<group>"; };
		043AD3B7230CF50D007BD6CA /* CZSocketManager.m */ = {isa = PBXFileReference; fileEncoding = 4; lastKnownFileType = sourcecode.c.objc; path = CZSocketManager.m; sourceTree = "<group>"; };
		043AD3B8230CF50D007BD6CA /* UserMaterialModel.m */ = {isa = PBXFileReference; fileEncoding = 4; lastKnownFileType = sourcecode.c.objc; path = UserMaterialModel.m; sourceTree = "<group>"; };
		043AD3B9230CF50D007BD6CA /* emojiName.plist */ = {isa = PBXFileReference; fileEncoding = 4; lastKnownFileType = text.plist.xml; path = emojiName.plist; sourceTree = "<group>"; };
		043AD3BA230CF50D007BD6CA /* BDPresentAnimator.m */ = {isa = PBXFileReference; fileEncoding = 4; lastKnownFileType = sourcecode.c.objc; path = BDPresentAnimator.m; sourceTree = "<group>"; };
		043AD3BB230CF50D007BD6CA /* LJCGIFRefreshHeader.m */ = {isa = PBXFileReference; fileEncoding = 4; lastKnownFileType = sourcecode.c.objc; path = LJCGIFRefreshHeader.m; sourceTree = "<group>"; };
		043AD3BC230CF50D007BD6CA /* LJCGIFRefreshFooter.m */ = {isa = PBXFileReference; fileEncoding = 4; lastKnownFileType = sourcecode.c.objc; path = LJCGIFRefreshFooter.m; sourceTree = "<group>"; };
		043AD3BD230CF50D007BD6CA /* CXCameraManager.h */ = {isa = PBXFileReference; fileEncoding = 4; lastKnownFileType = sourcecode.c.h; path = CXCameraManager.h; sourceTree = "<group>"; };
		043AD3BE230CF50D007BD6CA /* CustomerTextView.m */ = {isa = PBXFileReference; fileEncoding = 4; lastKnownFileType = sourcecode.c.objc; path = CustomerTextView.m; sourceTree = "<group>"; };
		043AD4BA230CF5E7007BD6CA /* Foundation.framework */ = {isa = PBXFileReference; lastKnownFileType = wrapper.framework; name = Foundation.framework; path = System/Library/Frameworks/Foundation.framework; sourceTree = SDKROOT; };
		043AD4BC230CF5F4007BD6CA /* GLKit.framework */ = {isa = PBXFileReference; lastKnownFileType = wrapper.framework; name = GLKit.framework; path = System/Library/Frameworks/GLKit.framework; sourceTree = SDKROOT; };
		043AD4BE230CF614007BD6CA /* CoreMotion.framework */ = {isa = PBXFileReference; lastKnownFileType = wrapper.framework; name = CoreMotion.framework; path = System/Library/Frameworks/CoreMotion.framework; sourceTree = SDKROOT; };
		043AD4C0230CF642007BD6CA /* CoreTelephony.framework */ = {isa = PBXFileReference; lastKnownFileType = wrapper.framework; name = CoreTelephony.framework; path = System/Library/Frameworks/CoreTelephony.framework; sourceTree = SDKROOT; };
		043AD4C2230CF65F007BD6CA /* CoreGraphics.framework */ = {isa = PBXFileReference; lastKnownFileType = wrapper.framework; name = CoreGraphics.framework; path = System/Library/Frameworks/CoreGraphics.framework; sourceTree = SDKROOT; };
		043AD4C4230CF66D007BD6CA /* CFNetwork.framework */ = {isa = PBXFileReference; lastKnownFileType = wrapper.framework; name = CFNetwork.framework; path = System/Library/Frameworks/CFNetwork.framework; sourceTree = SDKROOT; };
		043AD4C6230CF67C007BD6CA /* Security.framework */ = {isa = PBXFileReference; lastKnownFileType = wrapper.framework; name = Security.framework; path = System/Library/Frameworks/Security.framework; sourceTree = SDKROOT; };
		043AD4C8230CF686007BD6CA /* libz.tbd */ = {isa = PBXFileReference; lastKnownFileType = "sourcecode.text-based-dylib-definition"; name = libz.tbd; path = usr/lib/libz.tbd; sourceTree = SDKROOT; };
		043AD4CA230CF6DD007BD6CA /* SystemConfiguration.framework */ = {isa = PBXFileReference; lastKnownFileType = wrapper.framework; name = SystemConfiguration.framework; path = System/Library/Frameworks/SystemConfiguration.framework; sourceTree = SDKROOT; };
		043AD4CC230CF6F2007BD6CA /* UIKit.framework */ = {isa = PBXFileReference; lastKnownFileType = wrapper.framework; name = UIKit.framework; path = System/Library/Frameworks/UIKit.framework; sourceTree = SDKROOT; };
		043AD4CE230CF79D007BD6CA /* libc++.tbd */ = {isa = PBXFileReference; lastKnownFileType = "sourcecode.text-based-dylib-definition"; name = "libc++.tbd"; path = "usr/lib/libc++.tbd"; sourceTree = SDKROOT; };
		6C1165A5B99C96AC32E9D232 /* Pods-LWHTestOne.release.xcconfig */ = {isa = PBXFileReference; includeInIndex = 1; lastKnownFileType = text.xcconfig; name = "Pods-LWHTestOne.release.xcconfig"; path = "Target Support Files/Pods-LWHTestOne/Pods-LWHTestOne.release.xcconfig"; sourceTree = "<group>"; };
		7409A492B6678AA007D0EF41 /* Pods-LWHTestOne.debug.xcconfig */ = {isa = PBXFileReference; includeInIndex = 1; lastKnownFileType = text.xcconfig; name = "Pods-LWHTestOne.debug.xcconfig"; path = "Target Support Files/Pods-LWHTestOne/Pods-LWHTestOne.debug.xcconfig"; sourceTree = "<group>"; };
		EBAB44D22521DA4656F509C1 /* Pods_LWHTestOne.framework */ = {isa = PBXFileReference; explicitFileType = wrapper.framework; includeInIndex = 0; path = Pods_LWHTestOne.framework; sourceTree = BUILT_PRODUCTS_DIR; };
/* End PBXFileReference section */

/* Begin PBXFrameworksBuildPhase section */
		043AD183230CF3F4007BD6CA /* Frameworks */ = {
			isa = PBXFrameworksBuildPhase;
			buildActionMask = 2147483647;
			files = (
				043AD4CF230CF79D007BD6CA /* libc++.tbd in Frameworks */,
				043AD4CD230CF6F2007BD6CA /* UIKit.framework in Frameworks */,
				043AD4CB230CF6DD007BD6CA /* SystemConfiguration.framework in Frameworks */,
				043AD4C7230CF67C007BD6CA /* Security.framework in Frameworks */,
				043AD4C9230CF686007BD6CA /* libz.tbd in Frameworks */,
				043AD4C5230CF66D007BD6CA /* CFNetwork.framework in Frameworks */,
				043AD4C3230CF65F007BD6CA /* CoreGraphics.framework in Frameworks */,
				043AD4C1230CF642007BD6CA /* CoreTelephony.framework in Frameworks */,
				043AD4BF230CF614007BD6CA /* CoreMotion.framework in Frameworks */,
				043AD4BD230CF5F4007BD6CA /* GLKit.framework in Frameworks */,
				043AD4BB230CF5E7007BD6CA /* Foundation.framework in Frameworks */,
				FC8D688FA6B1DF040397DCD7 /* Pods_LWHTestOne.framework in Frameworks */,
			);
			runOnlyForDeploymentPostprocessing = 0;
		};
/* End PBXFrameworksBuildPhase section */

/* Begin PBXGroup section */
		009D61F72312AA2500DC0FEC /* OtherFrameworks */ = {
			isa = PBXGroup;
			children = (
			);
			path = OtherFrameworks;
			sourceTree = "<group>";
		};
		043AD17D230CF3F4007BD6CA = {
			isa = PBXGroup;
			children = (
				043AD188230CF3F4007BD6CA /* LWHTestOne */,
				043AD187230CF3F4007BD6CA /* Products */,
				4669B7B6E184117A8D03A3D2 /* Pods */,
				4681B8AE680423D2A64B8049 /* Frameworks */,
			);
			sourceTree = "<group>";
		};
		043AD187230CF3F4007BD6CA /* Products */ = {
			isa = PBXGroup;
			children = (
				043AD186230CF3F4007BD6CA /* LWHTestOne.app */,
			);
			name = Products;
			sourceTree = "<group>";
		};
		043AD188230CF3F4007BD6CA /* LWHTestOne */ = {
			isa = PBXGroup;
			children = (
				043AD189230CF3F4007BD6CA /* AppDelegate.h */,
				043AD18A230CF3F4007BD6CA /* AppDelegate.m */,
				043AD18C230CF3F4007BD6CA /* ViewController.h */,
				043AD18D230CF3F4007BD6CA /* ViewController.m */,
				043AD19F230CF50C007BD6CA /* lwh */,
				043AD18F230CF3F4007BD6CA /* Main.storyboard */,
				043AD192230CF3F5007BD6CA /* Assets.xcassets */,
				043AD194230CF3F5007BD6CA /* LaunchScreen.storyboard */,
				043AD197230CF3F5007BD6CA /* Info.plist */,
				043AD198230CF3F5007BD6CA /* main.m */,
			);
			path = LWHTestOne;
			sourceTree = "<group>";
		};
		043AD19F230CF50C007BD6CA /* lwh */ = {
			isa = PBXGroup;
			children = (
				009D61F72312AA2500DC0FEC /* OtherFrameworks */,
				043AD1A0230CF50C007BD6CA /* MyLearningRoad */,
				043AD37D230CF50D007BD6CA /* cocopods */,
				043AD37F230CF50D007BD6CA /* LaunchIntroduction */,
				043AD384230CF50D007BD6CA /* BaseTabbar */,
				043AD38D230CF50D007BD6CA /* Header */,
				043AD38F230CF50D007BD6CA /* Tool */,
			);
			path = lwh;
			sourceTree = "<group>";
		};
		043AD1A0230CF50C007BD6CA /* MyLearningRoad */ = {
			isa = PBXGroup;
			children = (
				043AD1A1230CF50C007BD6CA /* 我的编程学习路线.txt */,
			);
			path = MyLearningRoad;
			sourceTree = "<group>";
		};
		043AD37D230CF50D007BD6CA /* cocopods */ = {
			isa = PBXGroup;
			children = (
				043AD37E230CF50D007BD6CA /* cocopods.txt */,
			);
			path = cocopods;
			sourceTree = "<group>";
		};
		043AD37F230CF50D007BD6CA /* LaunchIntroduction */ = {
			isa = PBXGroup;
			children = (
				043AD380230CF50D007BD6CA /* GuideViewController.h */,
				043AD381230CF50D007BD6CA /* LaunchIntroductionView.m */,
				043AD382230CF50D007BD6CA /* GuideViewController.m */,
				043AD383230CF50D007BD6CA /* LaunchIntroductionView.h */,
			);
			path = LaunchIntroduction;
			sourceTree = "<group>";
		};
		043AD384230CF50D007BD6CA /* BaseTabbar */ = {
			isa = PBXGroup;
			children = (
				043AD385230CF50D007BD6CA /* BaseNaviController.h */,
				043AD386230CF50D007BD6CA /* BaseViewController.m */,
				043AD387230CF50D007BD6CA /* BaseTabbarController.h */,
				043AD388230CF50D007BD6CA /* BaseWebController.m */,
				043AD389230CF50D007BD6CA /* BaseNaviController.m */,
				043AD38A230CF50D007BD6CA /* BaseTabbarController.m */,
				043AD38B230CF50D007BD6CA /* BaseViewController.h */,
				043AD38C230CF50D007BD6CA /* BaseWebController.h */,
			);
			path = BaseTabbar;
			sourceTree = "<group>";
		};
		043AD38D230CF50D007BD6CA /* Header */ = {
			isa = PBXGroup;
			children = (
				043AD38E230CF50D007BD6CA /* LWHHeader.h */,
			);
			path = Header;
			sourceTree = "<group>";
		};
		043AD38F230CF50D007BD6CA /* Tool */ = {
			isa = PBXGroup;
			children = (
				043AD390230CF50D007BD6CA /* ArbitrarilyTool.h */,
				043AD391230CF50D007BD6CA /* LJCProgressHUD.m */,
				043AD392230CF50D007BD6CA /* BDPresentAnimatorAction.h */,
				043AD393230CF50D007BD6CA /* BaseTextView.h */,
				043AD394230CF50D007BD6CA /* GBStarRateView.m */,
				043AD395230CF50D007BD6CA /* LWHWkPlayerManager.h */,
				043AD396230CF50D007BD6CA /* ChatHelper.h */,
				043AD397230CF50D007BD6CA /* LJCSwitch.h */,
				043AD398230CF50D007BD6CA /* ShareView.m */,
				043AD399230CF50D007BD6CA /* ChatFace.m */,
				043AD39A230CF50D007BD6CA /* LJCNetWorking.m */,
				043AD39B230CF50D007BD6CA /* StorageManager.h */,
				043AD39C230CF50D007BD6CA /* EmptyView.h */,
				043AD39D230CF50D007BD6CA /* LJCActionSheet.m */,
				043AD39E230CF50D007BD6CA /* ChatFaceHeleper.m */,
				043AD39F230CF50D007BD6CA /* CustomerTextView.h */,
				043AD3A0230CF50D007BD6CA /* CXCameraManager.m */,
				043AD3A1230CF50D007BD6CA /* LJCGIFRefreshFooter.h */,
				043AD3A2230CF50D007BD6CA /* LJCGIFRefreshHeader.h */,
				043AD3A3230CF50D007BD6CA /* BDPresentAnimator.h */,
				043AD3A4230CF50D007BD6CA /* CZSocketManager.h */,
				043AD3A5230CF50D007BD6CA /* UserMaterialModel.h */,
				043AD3A6230CF50D007BD6CA /* ChatHelper.m */,
				043AD3A7230CF50D007BD6CA /* LWHWkPlayerManager.m */,
				043AD3A8230CF50D007BD6CA /* GBStarRateView.h */,
				043AD3A9230CF50D007BD6CA /* BDPresentAnimatorAction.m */,
				043AD3AA230CF50D007BD6CA /* BaseTextView.m */,
				043AD3AB230CF50D007BD6CA /* LJCProgressHUD.h */,
				043AD3AC230CF50D007BD6CA /* ArbitrarilyTool.m */,
				043AD3AD230CF50D007BD6CA /* ChatFace.h */,
				043AD3AE230CF50D007BD6CA /* ShareView.h */,
				043AD3AF230CF50D007BD6CA /* LJCSwitch.m */,
				043AD3B0230CF50D007BD6CA /* ChatViewImages.xcassets */,
				043AD3B1230CF50D007BD6CA /* ChatFaceHeleper.h */,
				043AD3B2230CF50D007BD6CA /* LJCActionSheet.h */,
				043AD3B3230CF50D007BD6CA /* EmptyView.m */,
				043AD3B4230CF50D007BD6CA /* normal_face.plist */,
				043AD3B5230CF50D007BD6CA /* StorageManager.m */,
				043AD3B6230CF50D007BD6CA /* LJCNetWorking.h */,
				043AD3B7230CF50D007BD6CA /* CZSocketManager.m */,
				043AD3B8230CF50D007BD6CA /* UserMaterialModel.m */,
				043AD3B9230CF50D007BD6CA /* emojiName.plist */,
				043AD3BA230CF50D007BD6CA /* BDPresentAnimator.m */,
				043AD3BB230CF50D007BD6CA /* LJCGIFRefreshHeader.m */,
				043AD3BC230CF50D007BD6CA /* LJCGIFRefreshFooter.m */,
				043AD3BD230CF50D007BD6CA /* CXCameraManager.h */,
				043AD3BE230CF50D007BD6CA /* CustomerTextView.m */,
			);
			path = Tool;
			sourceTree = "<group>";
		};
		4669B7B6E184117A8D03A3D2 /* Pods */ = {
			isa = PBXGroup;
			children = (
				7409A492B6678AA007D0EF41 /* Pods-LWHTestOne.debug.xcconfig */,
				6C1165A5B99C96AC32E9D232 /* Pods-LWHTestOne.release.xcconfig */,
			);
			path = Pods;
			sourceTree = "<group>";
		};
		4681B8AE680423D2A64B8049 /* Frameworks */ = {
			isa = PBXGroup;
			children = (
				043AD4CE230CF79D007BD6CA /* libc++.tbd */,
				043AD4CC230CF6F2007BD6CA /* UIKit.framework */,
				043AD4CA230CF6DD007BD6CA /* SystemConfiguration.framework */,
				043AD4C8230CF686007BD6CA /* libz.tbd */,
				043AD4C6230CF67C007BD6CA /* Security.framework */,
				043AD4C4230CF66D007BD6CA /* CFNetwork.framework */,
				043AD4C2230CF65F007BD6CA /* CoreGraphics.framework */,
				043AD4C0230CF642007BD6CA /* CoreTelephony.framework */,
				043AD4BE230CF614007BD6CA /* CoreMotion.framework */,
				043AD4BC230CF5F4007BD6CA /* GLKit.framework */,
				043AD4BA230CF5E7007BD6CA /* Foundation.framework */,
				EBAB44D22521DA4656F509C1 /* Pods_LWHTestOne.framework */,
			);
			name = Frameworks;
			sourceTree = "<group>";
		};
/* End PBXGroup section */

/* Begin PBXNativeTarget section */
		043AD185230CF3F4007BD6CA /* LWHTestOne */ = {
			isa = PBXNativeTarget;
			buildConfigurationList = 043AD19C230CF3F5007BD6CA /* Build configuration list for PBXNativeTarget "LWHTestOne" */;
			buildPhases = (
				DEC30BE3D83138A077D3D2D3 /* [CP] Check Pods Manifest.lock */,
				043AD182230CF3F4007BD6CA /* Sources */,
				043AD183230CF3F4007BD6CA /* Frameworks */,
				043AD184230CF3F4007BD6CA /* Resources */,
				541F4C6BD8FBC0F636799A01 /* [CP] Embed Pods Frameworks */,
			);
			buildRules = (
			);
			dependencies = (
			);
			name = LWHTestOne;
			productName = LWHTestOne;
			productReference = 043AD186230CF3F4007BD6CA /* LWHTestOne.app */;
			productType = "com.apple.product-type.application";
		};
/* End PBXNativeTarget section */

/* Begin PBXProject section */
		043AD17E230CF3F4007BD6CA /* Project object */ = {
			isa = PBXProject;
			attributes = {
				LastUpgradeCheck = 1020;
				ORGANIZATIONNAME = BraveShine;
				TargetAttributes = {
					043AD185230CF3F4007BD6CA = {
						CreatedOnToolsVersion = 10.2.1;
					};
				};
			};
			buildConfigurationList = 043AD181230CF3F4007BD6CA /* Build configuration list for PBXProject "LWHTestOne" */;
			compatibilityVersion = "Xcode 9.3";
			developmentRegion = en;
			hasScannedForEncodings = 0;
			knownRegions = (
				en,
				Base,
			);
			mainGroup = 043AD17D230CF3F4007BD6CA;
			productRefGroup = 043AD187230CF3F4007BD6CA /* Products */;
			projectDirPath = "";
			projectRoot = "";
			targets = (
				043AD185230CF3F4007BD6CA /* LWHTestOne */,
			);
		};
/* End PBXProject section */

/* Begin PBXResourcesBuildPhase section */
		043AD184230CF3F4007BD6CA /* Resources */ = {
			isa = PBXResourcesBuildPhase;
			buildActionMask = 2147483647;
			files = (
				043AD3BF230CF50D007BD6CA /* 我的编程学习路线.txt in Resources */,
				043AD196230CF3F5007BD6CA /* LaunchScreen.storyboard in Resources */,
				043AD4B5230CF50E007BD6CA /* emojiName.plist in Resources */,
				043AD4AF230CF50E007BD6CA /* ChatViewImages.xcassets in Resources */,
				043AD4B1230CF50E007BD6CA /* normal_face.plist in Resources */,
				043AD193230CF3F5007BD6CA /* Assets.xcassets in Resources */,
				043AD191230CF3F4007BD6CA /* Main.storyboard in Resources */,
				043AD49A230CF50E007BD6CA /* cocopods.txt in Resources */,
			);
			runOnlyForDeploymentPostprocessing = 0;
		};
/* End PBXResourcesBuildPhase section */

/* Begin PBXShellScriptBuildPhase section */
		541F4C6BD8FBC0F636799A01 /* [CP] Embed Pods Frameworks */ = {
			isa = PBXShellScriptBuildPhase;
			buildActionMask = 2147483647;
			files = (
			);
			inputFileListPaths = (
				"${PODS_ROOT}/Target Support Files/Pods-LWHTestOne/Pods-LWHTestOne-frameworks-${CONFIGURATION}-input-files.xcfilelist",
			);
			name = "[CP] Embed Pods Frameworks";
			outputFileListPaths = (
				"${PODS_ROOT}/Target Support Files/Pods-LWHTestOne/Pods-LWHTestOne-frameworks-${CONFIGURATION}-output-files.xcfilelist",
			);
			runOnlyForDeploymentPostprocessing = 0;
			shellPath = /bin/sh;
			shellScript = "\"${PODS_ROOT}/Target Support Files/Pods-LWHTestOne/Pods-LWHTestOne-frameworks.sh\"\n";
			showEnvVarsInLog = 0;
		};
		DEC30BE3D83138A077D3D2D3 /* [CP] Check Pods Manifest.lock */ = {
			isa = PBXShellScriptBuildPhase;
			buildActionMask = 2147483647;
			files = (
			);
			inputFileListPaths = (
			);
			inputPaths = (
				"${PODS_PODFILE_DIR_PATH}/Podfile.lock",
				"${PODS_ROOT}/Manifest.lock",
			);
			name = "[CP] Check Pods Manifest.lock";
			outputFileListPaths = (
			);
			outputPaths = (
				"$(DERIVED_FILE_DIR)/Pods-LWHTestOne-checkManifestLockResult.txt",
			);
			runOnlyForDeploymentPostprocessing = 0;
			shellPath = /bin/sh;
			shellScript = "diff \"${PODS_PODFILE_DIR_PATH}/Podfile.lock\" \"${PODS_ROOT}/Manifest.lock\" > /dev/null\nif [ $? != 0 ] ; then\n    # print error to STDERR\n    echo \"error: The sandbox is not in sync with the Podfile.lock. Run 'pod install' or update your CocoaPods installation.\" >&2\n    exit 1\nfi\n# This output is used by Xcode 'outputs' to avoid re-running this script phase.\necho \"SUCCESS\" > \"${SCRIPT_OUTPUT_FILE_0}\"\n";
			showEnvVarsInLog = 0;
		};
/* End PBXShellScriptBuildPhase section */

/* Begin PBXSourcesBuildPhase section */
		043AD182230CF3F4007BD6CA /* Sources */ = {
			isa = PBXSourcesBuildPhase;
			buildActionMask = 2147483647;
			files = (
				043AD4B6230CF50E007BD6CA /* BDPresentAnimator.m in Sources */,
				043AD4AB230CF50E007BD6CA /* BDPresentAnimatorAction.m in Sources */,
				043AD4B7230CF50E007BD6CA /* LJCGIFRefreshHeader.m in Sources */,
				043AD18E230CF3F4007BD6CA /* ViewController.m in Sources */,
				043AD4A3230CF50E007BD6CA /* ShareView.m in Sources */,
				043AD4B0230CF50E007BD6CA /* EmptyView.m in Sources */,
				043AD4AA230CF50E007BD6CA /* LWHWkPlayerManager.m in Sources */,
				043AD4A9230CF50E007BD6CA /* ChatHelper.m in Sources */,
				043AD49D230CF50E007BD6CA /* BaseViewController.m in Sources */,
				043AD4A2230CF50E007BD6CA /* GBStarRateView.m in Sources */,
				043AD4A7230CF50E007BD6CA /* ChatFaceHeleper.m in Sources */,
				043AD4B2230CF50E007BD6CA /* StorageManager.m in Sources */,
				043AD4A5230CF50E007BD6CA /* LJCNetWorking.m in Sources */,
				043AD49F230CF50E007BD6CA /* BaseNaviController.m in Sources */,
				043AD4AC230CF50E007BD6CA /* BaseTextView.m in Sources */,
				043AD4A6230CF50E007BD6CA /* LJCActionSheet.m in Sources */,
				043AD4A1230CF50E007BD6CA /* LJCProgressHUD.m in Sources */,
				043AD199230CF3F5007BD6CA /* main.m in Sources */,
				043AD4B4230CF50E007BD6CA /* UserMaterialModel.m in Sources */,
				043AD49B230CF50E007BD6CA /* LaunchIntroductionView.m in Sources */,
				043AD4AD230CF50E007BD6CA /* ArbitrarilyTool.m in Sources */,
				043AD4A4230CF50E007BD6CA /* ChatFace.m in Sources */,
				043AD4AE230CF50E007BD6CA /* LJCSwitch.m in Sources */,
				043AD4B3230CF50E007BD6CA /* CZSocketManager.m in Sources */,
				043AD4A8230CF50E007BD6CA /* CXCameraManager.m in Sources */,
				043AD18B230CF3F4007BD6CA /* AppDelegate.m in Sources */,
				043AD4A0230CF50E007BD6CA /* BaseTabbarController.m in Sources */,
				043AD4B9230CF50E007BD6CA /* CustomerTextView.m in Sources */,
				043AD49E230CF50E007BD6CA /* BaseWebController.m in Sources */,
				043AD49C230CF50E007BD6CA /* GuideViewController.m in Sources */,
				043AD4B8230CF50E007BD6CA /* LJCGIFRefreshFooter.m in Sources */,
			);
			runOnlyForDeploymentPostprocessing = 0;
		};
/* End PBXSourcesBuildPhase section */

/* Begin PBXVariantGroup section */
		043AD18F230CF3F4007BD6CA /* Main.storyboard */ = {
			isa = PBXVariantGroup;
			children = (
				043AD190230CF3F4007BD6CA /* Base */,
			);
			name = Main.storyboard;
			sourceTree = "<group>";
		};
		043AD194230CF3F5007BD6CA /* LaunchScreen.storyboard */ = {
			isa = PBXVariantGroup;
			children = (
				043AD195230CF3F5007BD6CA /* Base */,
			);
			name = LaunchScreen.storyboard;
			sourceTree = "<group>";
		};
/* End PBXVariantGroup section */

/* Begin XCBuildConfiguration section */
		043AD19A230CF3F5007BD6CA /* Debug */ = {
			isa = XCBuildConfiguration;
			buildSettings = {
				ALWAYS_SEARCH_USER_PATHS = NO;
				CLANG_ANALYZER_NONNULL = YES;
				CLANG_ANALYZER_NUMBER_OBJECT_CONVERSION = YES_AGGRESSIVE;
				CLANG_CXX_LANGUAGE_STANDARD = "gnu++14";
				CLANG_CXX_LIBRARY = "libc++";
				CLANG_ENABLE_MODULES = YES;
				CLANG_ENABLE_OBJC_ARC = YES;
				CLANG_ENABLE_OBJC_WEAK = YES;
				CLANG_WARN_BLOCK_CAPTURE_AUTORELEASING = YES;
				CLANG_WARN_BOOL_CONVERSION = YES;
				CLANG_WARN_COMMA = YES;
				CLANG_WARN_CONSTANT_CONVERSION = YES;
				CLANG_WARN_DEPRECATED_OBJC_IMPLEMENTATIONS = YES;
				CLANG_WARN_DIRECT_OBJC_ISA_USAGE = YES_ERROR;
				CLANG_WARN_DOCUMENTATION_COMMENTS = YES;
				CLANG_WARN_EMPTY_BODY = YES;
				CLANG_WARN_ENUM_CONVERSION = YES;
				CLANG_WARN_INFINITE_RECURSION = YES;
				CLANG_WARN_INT_CONVERSION = YES;
				CLANG_WARN_NON_LITERAL_NULL_CONVERSION = YES;
				CLANG_WARN_OBJC_IMPLICIT_RETAIN_SELF = YES;
				CLANG_WARN_OBJC_LITERAL_CONVERSION = YES;
				CLANG_WARN_OBJC_ROOT_CLASS = YES_ERROR;
				CLANG_WARN_RANGE_LOOP_ANALYSIS = YES;
				CLANG_WARN_STRICT_PROTOTYPES = YES;
				CLANG_WARN_SUSPICIOUS_MOVE = YES;
				CLANG_WARN_UNGUARDED_AVAILABILITY = YES_AGGRESSIVE;
				CLANG_WARN_UNREACHABLE_CODE = YES;
				CLANG_WARN__DUPLICATE_METHOD_MATCH = YES;
				CODE_SIGN_IDENTITY = "iPhone Developer";
				COPY_PHASE_STRIP = NO;
				DEBUG_INFORMATION_FORMAT = dwarf;
				ENABLE_STRICT_OBJC_MSGSEND = YES;
				ENABLE_TESTABILITY = YES;
				GCC_C_LANGUAGE_STANDARD = gnu11;
				GCC_DYNAMIC_NO_PIC = NO;
				GCC_NO_COMMON_BLOCKS = YES;
				GCC_OPTIMIZATION_LEVEL = 0;
				GCC_PREPROCESSOR_DEFINITIONS = (
					"DEBUG=1",
					"$(inherited)",
				);
				GCC_WARN_64_TO_32_BIT_CONVERSION = YES;
				GCC_WARN_ABOUT_RETURN_TYPE = YES_ERROR;
				GCC_WARN_UNDECLARED_SELECTOR = YES;
				GCC_WARN_UNINITIALIZED_AUTOS = YES_AGGRESSIVE;
				GCC_WARN_UNUSED_FUNCTION = YES;
				GCC_WARN_UNUSED_VARIABLE = YES;
				IPHONEOS_DEPLOYMENT_TARGET = 12.2;
				MTL_ENABLE_DEBUG_INFO = INCLUDE_SOURCE;
				MTL_FAST_MATH = YES;
				ONLY_ACTIVE_ARCH = YES;
				SDKROOT = iphoneos;
			};
			name = Debug;
		};
		043AD19B230CF3F5007BD6CA /* Release */ = {
			isa = XCBuildConfiguration;
			buildSettings = {
				ALWAYS_SEARCH_USER_PATHS = NO;
				CLANG_ANALYZER_NONNULL = YES;
				CLANG_ANALYZER_NUMBER_OBJECT_CONVERSION = YES_AGGRESSIVE;
				CLANG_CXX_LANGUAGE_STANDARD = "gnu++14";
				CLANG_CXX_LIBRARY = "libc++";
				CLANG_ENABLE_MODULES = YES;
				CLANG_ENABLE_OBJC_ARC = YES;
				CLANG_ENABLE_OBJC_WEAK = YES;
				CLANG_WARN_BLOCK_CAPTURE_AUTORELEASING = YES;
				CLANG_WARN_BOOL_CONVERSION = YES;
				CLANG_WARN_COMMA = YES;
				CLANG_WARN_CONSTANT_CONVERSION = YES;
				CLANG_WARN_DEPRECATED_OBJC_IMPLEMENTATIONS = YES;
				CLANG_WARN_DIRECT_OBJC_ISA_USAGE = YES_ERROR;
				CLANG_WARN_DOCUMENTATION_COMMENTS = YES;
				CLANG_WARN_EMPTY_BODY = YES;
				CLANG_WARN_ENUM_CONVERSION = YES;
				CLANG_WARN_INFINITE_RECURSION = YES;
				CLANG_WARN_INT_CONVERSION = YES;
				CLANG_WARN_NON_LITERAL_NULL_CONVERSION = YES;
				CLANG_WARN_OBJC_IMPLICIT_RETAIN_SELF = YES;
				CLANG_WARN_OBJC_LITERAL_CONVERSION = YES;
				CLANG_WARN_OBJC_ROOT_CLASS = YES_ERROR;
				CLANG_WARN_RANGE_LOOP_ANALYSIS = YES;
				CLANG_WARN_STRICT_PROTOTYPES = YES;
				CLANG_WARN_SUSPICIOUS_MOVE = YES;
				CLANG_WARN_UNGUARDED_AVAILABILITY = YES_AGGRESSIVE;
				CLANG_WARN_UNREACHABLE_CODE = YES;
				CLANG_WARN__DUPLICATE_METHOD_MATCH = YES;
				CODE_SIGN_IDENTITY = "iPhone Developer";
				COPY_PHASE_STRIP = NO;
				DEBUG_INFORMATION_FORMAT = "dwarf-with-dsym";
				ENABLE_NS_ASSERTIONS = NO;
				ENABLE_STRICT_OBJC_MSGSEND = YES;
				GCC_C_LANGUAGE_STANDARD = gnu11;
				GCC_NO_COMMON_BLOCKS = YES;
				GCC_WARN_64_TO_32_BIT_CONVERSION = YES;
				GCC_WARN_ABOUT_RETURN_TYPE = YES_ERROR;
				GCC_WARN_UNDECLARED_SELECTOR = YES;
				GCC_WARN_UNINITIALIZED_AUTOS = YES_AGGRESSIVE;
				GCC_WARN_UNUSED_FUNCTION = YES;
				GCC_WARN_UNUSED_VARIABLE = YES;
				IPHONEOS_DEPLOYMENT_TARGET = 12.2;
				MTL_ENABLE_DEBUG_INFO = NO;
				MTL_FAST_MATH = YES;
				SDKROOT = iphoneos;
				VALIDATE_PRODUCT = YES;
			};
			name = Release;
		};
		043AD19D230CF3F5007BD6CA /* Debug */ = {
			isa = XCBuildConfiguration;
			baseConfigurationReference = 7409A492B6678AA007D0EF41 /* Pods-LWHTestOne.debug.xcconfig */;
			buildSettings = {
				ASSETCATALOG_COMPILER_APPICON_NAME = AppIcon;
				CODE_SIGN_STYLE = Automatic;
				FRAMEWORK_SEARCH_PATHS = (
					"$(inherited)",
					"$(PROJECT_DIR)/LWHTestOne/lwh/OtherFrameworks/MapSDK",
					"$(PROJECT_DIR)/LWHTestOne/lwh/OtherFrameworks/UMSDK",
					"$(PROJECT_DIR)/LWHTestOne/lwh/OtherFrameworks/UMSDK/UMSocialUI",
					"$(PROJECT_DIR)/LWHTestOne/lwh/OtherFrameworks/AliPaySDK",
				);
				GCC_PREFIX_HEADER = "$(SRCROOT)/LWHTestOne/lwh/Header/LWHHeader.h";
				INFOPLIST_FILE = LWHTestOne/Info.plist;
				IPHONEOS_DEPLOYMENT_TARGET = 9.0;
				LD_RUNPATH_SEARCH_PATHS = (
					"$(inherited)",
					"@executable_path/Frameworks",
				);
				LIBRARY_SEARCH_PATHS = (
					"$(inherited)",
					"$(PROJECT_DIR)/LWHTestOne/lwh/OtherFrameworks/WeChatSDK",
					"$(PROJECT_DIR)/LWHTestOne/lwh/OtherFrameworks/UMSDK/SocialLibraries/WeChat",
					"$(PROJECT_DIR)/LWHTestOne/lwh/OtherFrameworks/UMSDK/SocialLibraries/Sina",
					"$(PROJECT_DIR)/LWHTestOne/lwh/OtherFrameworks/UMSDK/SocialLibraries/QQ",
				);
				PRODUCT_BUNDLE_IDENTIFIER = com.BraveShine.LWHTestOne;
				PRODUCT_NAME = "$(TARGET_NAME)";
				TARGETED_DEVICE_FAMILY = "1,2";
			};
			name = Debug;
		};
		043AD19E230CF3F5007BD6CA /* Release */ = {
			isa = XCBuildConfiguration;
			baseConfigurationReference = 6C1165A5B99C96AC32E9D232 /* Pods-LWHTestOne.release.xcconfig */;
			buildSettings = {
				ASSETCATALOG_COMPILER_APPICON_NAME = AppIcon;
				CODE_SIGN_STYLE = Automatic;
				FRAMEWORK_SEARCH_PATHS = (
					"$(inherited)",
					"$(PROJECT_DIR)/LWHTestOne/lwh/OtherFrameworks/MapSDK",
					"$(PROJECT_DIR)/LWHTestOne/lwh/OtherFrameworks/UMSDK",
					"$(PROJECT_DIR)/LWHTestOne/lwh/OtherFrameworks/UMSDK/UMSocialUI",
					"$(PROJECT_DIR)/LWHTestOne/lwh/OtherFrameworks/AliPaySDK",
				);
				GCC_PREFIX_HEADER = "$(SRCROOT)/LWHTestOne/lwh/Header/LWHHeader.h";
				INFOPLIST_FILE = LWHTestOne/Info.plist;
				IPHONEOS_DEPLOYMENT_TARGET = 9.0;
				LD_RUNPATH_SEARCH_PATHS = (
					"$(inherited)",
					"@executable_path/Frameworks",
				);
				LIBRARY_SEARCH_PATHS = (
					"$(inherited)",
					"$(PROJECT_DIR)/LWHTestOne/lwh/OtherFrameworks/WeChatSDK",
					"$(PROJECT_DIR)/LWHTestOne/lwh/OtherFrameworks/UMSDK/SocialLibraries/WeChat",
					"$(PROJECT_DIR)/LWHTestOne/lwh/OtherFrameworks/UMSDK/SocialLibraries/Sina",
					"$(PROJECT_DIR)/LWHTestOne/lwh/OtherFrameworks/UMSDK/SocialLibraries/QQ",
				);
				PRODUCT_BUNDLE_IDENTIFIER = com.BraveShine.LWHTestOne;
				PRODUCT_NAME = "$(TARGET_NAME)";
				TARGETED_DEVICE_FAMILY = "1,2";
			};
			name = Release;
		};
/* End XCBuildConfiguration section */

/* Begin XCConfigurationList section */
		043AD181230CF3F4007BD6CA /* Build configuration list for PBXProject "LWHTestOne" */ = {
			isa = XCConfigurationList;
			buildConfigurations = (
				043AD19A230CF3F5007BD6CA /* Debug */,
				043AD19B230CF3F5007BD6CA /* Release */,
			);
			defaultConfigurationIsVisible = 0;
			defaultConfigurationName = Release;
		};
		043AD19C230CF3F5007BD6CA /* Build configuration list for PBXNativeTarget "LWHTestOne" */ = {
			isa = XCConfigurationList;
			buildConfigurations = (
				043AD19D230CF3F5007BD6CA /* Debug */,
				043AD19E230CF3F5007BD6CA /* Release */,
			);
			defaultConfigurationIsVisible = 0;
			defaultConfigurationName = Release;
		};
/* End XCConfigurationList section */
	};
	rootObject = 043AD17E230CF3F4007BD6CA /* Project object */;
}
