PODS:
  - AFNetworking (3.2.1):
    - AFNetworking/NSURLSession (= 3.2.1)
    - AFNetworking/Reachability (= 3.2.1)
    - AFNetworking/Security (= 3.2.1)
    - AFNetworking/Serialization (= 3.2.1)
    - AFNetworking/UIKit (= 3.2.1)
  - AFNetworking/NSURLSession (3.2.1):
    - AFNetworking/Reachability
    - AFNetworking/Security
    - AFNetworking/Serialization
  - AFNetworking/Reachability (3.2.1)
  - AFNetworking/Security (3.2.1)
  - AFNetworking/Serialization (3.2.1)
  - AFNetworking/UIKit (3.2.1):
    - AFNetworking/NSURLSession
  - Appirater (2.3.1)
  - DZNEmptyDataSet (1.8.1)
  - FDFullscreenPopGesture (1.1)
  - FMDB (2.7.5):
    - FMDB/standard (= 2.7.5)
  - FMDB/standard (2.7.5)
  - iVersion (1.11.5)
  - Masonry (1.1.0)
  - MJRefresh (3.2.0)
  - Reachability (3.2)
  - SocketRocket (0.5.1)
  - SVProgressHUD (2.2.5)
  - SWTableViewCell (0.3.7)
  - YYKit (1.0.9):
    - YYKit/no-arc (= 1.0.9)
  - YYKit/no-arc (1.0.9)

DEPENDENCIES:
  - AFNetworking
  - Appirater
  - DZNEmptyDataSet
  - FDFullscreenPopGesture (~> 1.1)
  - FMDB
  - iVersion
  - Masonry
  - MJRefresh
  - Reachability
  - SocketRocket
  - SVProgressHUD
  - SWTableViewCell
  - YYKit

SPEC REPOS:
  https://github.com/cocoapods/specs.git:
    - AFNetworking
    - Appirater
    - DZNEmptyDataSet
    - FDFullscreenPopGesture
    - FMDB
    - iVersion
    - Masonry
    - MJRefresh
    - Reachability
    - SocketRocket
    - SVProgressHUD
    - SWTableViewCell
    - YYKit

SPEC CHECKSUMS:
  AFNetworking: b6f891fdfaed196b46c7a83cf209e09697b94057
  Appirater: 44a4651f7912a17dc906b655f0c215d5bb768b84
  DZNEmptyDataSet: 9525833b9e68ac21c30253e1d3d7076cc828eaa7
  FDFullscreenPopGesture: a8a620179e3d9c40e8e00256dcee1c1a27c6d0f0
  FMDB: 2ce00b547f966261cd18927a3ddb07cb6f3db82a
  iVersion: 3a93a89259eb3b52b0a8ba52c46a0027fa6b4d30
  Masonry: 678fab65091a9290e40e2832a55e7ab731aad201
  MJRefresh: ed450d6eb9d3346a2cb033ab7eb6de090aeef437
  Reachability: 33e18b67625424e47b6cde6d202dce689ad7af96
  SocketRocket: d57c7159b83c3c6655745cd15302aa24b6bae531
  SVProgressHUD: 1428aafac632c1f86f62aa4243ec12008d7a51d6
  SWTableViewCell: 2a94aadc9d47b2b611fa064566bf57948b95b579
  YYKit: 7cda43304a8dc3696c449041e2cb3107b4e236e7

PODFILE CHECKSUM: 3aec41b9c430dbc3f59b2cfdb3973c616bdad336

COCOAPODS: 1.7.0.rc.1
