PODS:
  - AFNetworking (3.2.1):
    - AFNetworking/NSURLSession (= 3.2.1)
    - AFNetworking/Reachability (= 3.2.1)
    - AFNetworking/Security (= 3.2.1)
    - AFNetworking/Serialization (= 3.2.1)
    - AFNetworking/UIKit (= 3.2.1)
  - AFNetworking/NSURLSession (3.2.1):
    - AFNetworking/Reachability
    - AFNetworking/Security
    - AFNetworking/Serialization
  - AFNetworking/Reachability (3.2.1)
  - AFNetworking/Security (3.2.1)
  - AFNetworking/Serialization (3.2.1)
  - AFNetworking/UIKit (3.2.1):
    - AFNetworking/NSURLSession
  - DZNEmptyDataSet (1.8.1)
  - Masonry (1.1.0)
  - MJRefresh (3.2.0)
  - SDWebImage (5.0.2):
    - SDWebImage/Core (= 5.0.2)
  - SDWebImage/Core (5.0.2)
  - SocketRocket (0.5.1)
  - SVProgressHUD (2.2.5)
  - YYKit (1.0.9):
    - YYKit/no-arc (= 1.0.9)
  - YYKit/no-arc (1.0.9)

DEPENDENCIES:
  - AFNetworking
  - DZNEmptyDataSet
  - Masonry
  - MJRefresh
  - SDWebImage
  - SocketRocket
  - SVProgressHUD
  - YYKit

SPEC REPOS:
  https://github.com/CocoaPods/Specs.git:
    - AFNetworking
    - DZNEmptyDataSet
    - Masonry
    - MJRefresh
    - SDWebImage
    - SocketRocket
    - SVProgressHUD
    - YYKit

SPEC CHECKSUMS:
  AFNetworking: b6f891fdfaed196b46c7a83cf209e09697b94057
  DZNEmptyDataSet: 9525833b9e68ac21c30253e1d3d7076cc828eaa7
  Masonry: 678fab65091a9290e40e2832a55e7ab731aad201
  MJRefresh: ed450d6eb9d3346a2cb033ab7eb6de090aeef437
  SDWebImage: 6764b5fa0f73c203728052955dbefa2bf1f33282
  SocketRocket: d57c7159b83c3c6655745cd15302aa24b6bae531
  SVProgressHUD: 1428aafac632c1f86f62aa4243ec12008d7a51d6
  YYKit: 7cda43304a8dc3696c449041e2cb3107b4e236e7

PODFILE CHECKSUM: 5b221638b1d3f1507d1604435656da8f2b640ac8

COCOAPODS: 1.9.1
